---

- name: System setup | clock | install systemd-timesyncd (ubuntu)
  package:
    name: systemd-timesyncd
    state: latest
  when: ansible_distribution in ["Pop!_OS", "Ubuntu"]

# Currently systemd-timesyncd for debian is available only in buster-backports
- name: System setup | clock | install systemd-timesyncd (debian)
  apt:
    name: systemd-timesyncd
    default_release: buster-backports
    state: latest
  when: ansible_distribution == "Debian"

- name: System setup | clock | start and enable systemd-timesyncd
  service:
    name: systemd-timesyncd
    state: started
    enabled: true

- name: System setup | clock | set time zone
  timezone:
    name: "Europe/Kiev"
